// !$*UTF8*$!
{
	archiveVersion = 1;
	classes = {
	};
	objectVersion = 46;
	objects = {

/* Begin PBXBuildFile section */
		3C0B30A51C6CE5A50062A4DA /* AppDelegate.swift in Sources */ = {isa = PBXBuildFile; fileRef = 3C0B30981C6CE5A50062A4DA /* AppDelegate.swift */; };
		3C0B30A61C6CE5A50062A4DA /* Assets.xcassets in Resources */ = {isa = PBXBuildFile; fileRef = 3C0B30991C6CE5A50062A4DA /* Assets.xcassets */; };
		3C0B30A71C6CE5A50062A4DA /* MusicCell.swift in Sources */ = {isa = PBXBuildFile; fileRef = 3C0B309B1C6CE5A50062A4DA /* MusicCell.swift */; };
		3C0B30A81C6CE5A50062A4DA /* ViewController.swift in Sources */ = {isa = PBXBuildFile; fileRef = 3C0B309C1C6CE5A50062A4DA /* ViewController.swift */; };
		3C0B30AA1C6CE5A50062A4DA /* Song.swift in Sources */ = {isa = PBXBuildFile; fileRef = 3C0B309F1C6CE5A50062A4DA /* Song.swift */; };
		3C0B30AB1C6CE5A50062A4DA /* DataManager.swift in Sources */ = {isa = PBXBuildFile; fileRef = 3C0B30A11C6CE5A50062A4DA /* DataManager.swift */; };
		3C0B30AC1C6CE5A50062A4DA /* LaunchScreen.storyboard in Resources */ = {isa = PBXBuildFile; fileRef = 3C0B30A31C6CE5A50062A4DA /* LaunchScreen.storyboard */; };
		3C0B30AD1C6CE5A50062A4DA /* Main.storyboard in Resources */ = {isa = PBXBuildFile; fileRef = 3C0B30A41C6CE5A50062A4DA /* Main.storyboard */; };
/* End PBXBuildFile section */

/* Begin PBXFileReference section */
		3C0B30981C6CE5A50062A4DA /* AppDelegate.swift */ = {isa = PBXFileReference; fileEncoding = 4; lastKnownFileType = sourcecode.swift; path = AppDelegate.swift; sourceTree = "<group>"; };
		3C0B30991C6CE5A50062A4DA /* Assets.xcassets */ = {isa = PBXFileReference; lastKnownFileType = folder.assetcatalog; path = Assets.xcassets; sourceTree = "<group>"; };
		3C0B309B1C6CE5A50062A4DA /* MusicCell.swift */ = {isa = PBXFileReference; fileEncoding = 4; lastKnownFileType = sourcecode.swift; path = MusicCell.swift; sourceTree = "<group>"; };
		3C0B309C1C6CE5A50062A4DA /* ViewController.swift */ = {isa = PBXFileReference; fileEncoding = 4; lastKnownFileType = sourcecode.swift; path = ViewController.swift; sourceTree = "<group>"; };
		3C0B309D1C6CE5A50062A4DA /* Info.plist */ = {isa = PBXFileReference; fileEncoding = 4; lastKnownFileType = text.plist.xml; path = Info.plist; sourceTree = "<group>"; };
		3C0B309F1C6CE5A50062A4DA /* Song.swift */ = {isa = PBXFileReference; fileEncoding = 4; lastKnownFileType = sourcecode.swift; path = Song.swift; sourceTree = "<group>"; };
		3C0B30A11C6CE5A50062A4DA /* DataManager.swift */ = {isa = PBXFileReference; fileEncoding = 4; lastKnownFileType = sourcecode.swift; path = DataManager.swift; sourceTree = "<group>"; };
		3C0B30A31C6CE5A50062A4DA /* LaunchScreen.storyboard */ = {isa = PBXFileReference; fileEncoding = 4; lastKnownFileType = file.storyboard; path = LaunchScreen.storyboard; sourceTree = "<group>"; };
		3C0B30A41C6CE5A50062A4DA /* Main.storyboard */ = {isa = PBXFileReference; fileEncoding = 4; lastKnownFileType = file.storyboard; path = Main.storyboard; sourceTree = "<group>"; };
		3C63DD731C69384600535E37 /* iTunesTopTenMusic.app */ = {isa = PBXFileReference; explicitFileType = wrapper.application; includeInIndex = 0; path = iTunesTopTenMusic.app; sourceTree = BUILT_PRODUCTS_DIR; };
/* End PBXFileReference section */

/* Begin PBXFrameworksBuildPhase section */
		3C63DD701C69384600535E37 /* Frameworks */ = {
			isa = PBXFrameworksBuildPhase;
			buildActionMask = 2147483647;
			files = (
			);
			runOnlyForDeploymentPostprocessing = 0;
		};
/* End PBXFrameworksBuildPhase section */

/* Begin PBXGroup section */
		3C0B30971C6CE5A50062A4DA /* iTunesTopTenMusic */ = {
			isa = PBXGroup;
			children = (
				3C0B30981C6CE5A50062A4DA /* AppDelegate.swift */,
				3C0B30991C6CE5A50062A4DA /* Assets.xcassets */,
				3C0B309A1C6CE5A50062A4DA /* Controllers */,
				3C0B309D1C6CE5A50062A4DA /* Info.plist */,
				3C0B309E1C6CE5A50062A4DA /* Models */,
				3C0B30A01C6CE5A50062A4DA /* Utils */,
				3C0B30A21C6CE5A50062A4DA /* Views */,
			);
			path = iTunesTopTenMusic;
			sourceTree = "<group>";
		};
		3C0B309A1C6CE5A50062A4DA /* Controllers */ = {
			isa = PBXGroup;
			children = (
				3C0B309B1C6CE5A50062A4DA /* MusicCell.swift */,
				3C0B309C1C6CE5A50062A4DA /* ViewController.swift */,
			);
			path = Controllers;
			sourceTree = "<group>";
		};
		3C0B309E1C6CE5A50062A4DA /* Models */ = {
			isa = PBXGroup;
			children = (
				3C0B309F1C6CE5A50062A4DA /* Song.swift */,
			);
			path = Models;
			sourceTree = "<group>";
		};
		3C0B30A01C6CE5A50062A4DA /* Utils */ = {
			isa = PBXGroup;
			children = (
				3C0B30A11C6CE5A50062A4DA /* DataManager.swift */,
			);
			path = Utils;
			sourceTree = "<group>";
		};
		3C0B30A21C6CE5A50062A4DA /* Views */ = {
			isa = PBXGroup;
			children = (
				3C0B30A31C6CE5A50062A4DA /* LaunchScreen.storyboard */,
				3C0B30A41C6CE5A50062A4DA /* Main.storyboard */,
			);
			path = Views;
			sourceTree = "<group>";
		};
		3C63DD6A1C69384600535E37 = {
			isa = PBXGroup;
			children = (
				3C0B30971C6CE5A50062A4DA /* iTunesTopTenMusic */,
				3C63DD741C69384600535E37 /* Products */,
			);
			sourceTree = "<group>";
		};
		3C63DD741C69384600535E37 /* Products */ = {
			isa = PBXGroup;
			children = (
				3C63DD731C69384600535E37 /* iTunesTopTenMusic.app */,
			);
			name = Products;
			sourceTree = "<group>";
		};
/* End PBXGroup section */

/* Begin PBXNativeTarget section */
		3C63DD721C69384600535E37 /* iTunesTopTenMusic */ = {
			isa = PBXNativeTarget;
			buildConfigurationList = 3C63DD851C69384600535E37 /* Build configuration list for PBXNativeTarget "iTunesTopTenMusic" */;
			buildPhases = (
				3C63DD6F1C69384600535E37 /* Sources */,
				3C63DD701C69384600535E37 /* Frameworks */,
				3C63DD711C69384600535E37 /* Resources */,
			);
			buildRules = (
			);
			dependencies = (
			);
			name = iTunesTopTenMusic;
			productName = iTunesTopTenMovies;
			productReference = 3C63DD731C69384600535E37 /* iTunesTopTenMusic.app */;
			productType = "com.apple.product-type.application";
		};
/* End PBXNativeTarget section */

/* Begin PBXProject section */
		3C63DD6B1C69384600535E37 /* Project object */ = {
			isa = PBXProject;
			attributes = {
				LastSwiftUpdateCheck = 0720;
				LastUpgradeCheck = 0720;
				ORGANIZATIONNAME = nextU;
				TargetAttributes = {
					3C63DD721C69384600535E37 = {
						CreatedOnToolsVersion = 7.2;
						DevelopmentTeam = A676G44K8A;
					};
				};
			};
			buildConfigurationList = 3C63DD6E1C69384600535E37 /* Build configuration list for PBXProject "iTunesTopTenMusic" */;
			compatibilityVersion = "Xcode 3.2";
			developmentRegion = English;
			hasScannedForEncodings = 0;
			knownRegions = (
				en,
				Base,
			);
			mainGroup = 3C63DD6A1C69384600535E37;
			productRefGroup = 3C63DD741C69384600535E37 /* Products */;
			projectDirPath = "";
			projectRoot = "";
			targets = (
				3C63DD721C69384600535E37 /* iTunesTopTenMusic */,
			);
		};
/* End PBXProject section */

/* Begin PBXResourcesBuildPhase section */
		3C63DD711C69384600535E37 /* Resources */ = {
			isa = PBXResourcesBuildPhase;
			buildActionMask = 2147483647;
			files = (
				3C0B30AC1C6CE5A50062A4DA /* LaunchScreen.storyboard in Resources */,
				3C0B30A61C6CE5A50062A4DA /* Assets.xcassets in Resources */,
				3C0B30AD1C6CE5A50062A4DA /* Main.storyboard in Resources */,
			);
			runOnlyForDeploymentPostprocessing = 0;
		};
/* End PBXResourcesBuildPhase section */

/* Begin PBXSourcesBuildPhase section */
		3C63DD6F1C69384600535E37 /* Sources */ = {
			isa = PBXSourcesBuildPhase;
			buildActionMask = 2147483647;
			files = (
				3C0B30A81C6CE5A50062A4DA /* ViewController.swift in Sources */,
				3C0B30AB1C6CE5A50062A4DA /* DataManager.swift in Sources */,
				3C0B30A71C6CE5A50062A4DA /* MusicCell.swift in Sources */,
				3C0B30AA1C6CE5A50062A4DA /* Song.swift in Sources */,
				3C0B30A51C6CE5A50062A4DA /* AppDelegate.swift in Sources */,
			);
			runOnlyForDeploymentPostprocessing = 0;
		};
/* End PBXSourcesBuildPhase section */

/* Begin XCBuildConfiguration section */
		3C63DD831C69384600535E37 /* Debug */ = {
			isa = XCBuildConfiguration;
			buildSettings = {
				ALWAYS_SEARCH_USER_PATHS = NO;
				CLANG_CXX_LANGUAGE_STANDARD = "gnu++0x";
				CLANG_CXX_LIBRARY = "libc++";
				CLANG_ENABLE_MODULES = YES;
				CLANG_ENABLE_OBJC_ARC = YES;
				CLANG_WARN_BOOL_CONVERSION = YES;
				CLANG_WARN_CONSTANT_CONVERSION = YES;
				CLANG_WARN_DIRECT_OBJC_ISA_USAGE = YES_ERROR;
				CLANG_WARN_EMPTY_BODY = YES;
				CLANG_WARN_ENUM_CONVERSION = YES;
				CLANG_WARN_INT_CONVERSION = YES;
				CLANG_WARN_OBJC_ROOT_CLASS = YES_ERROR;
				CLANG_WARN_UNREACHABLE_CODE = YES;
				CLANG_WARN__DUPLICATE_METHOD_MATCH = YES;
				"CODE_SIGN_IDENTITY[sdk=iphoneos*]" = "iPhone Developer";
				COPY_PHASE_STRIP = NO;
				DEBUG_INFORMATION_FORMAT = dwarf;
				ENABLE_STRICT_OBJC_MSGSEND = YES;
				ENABLE_TESTABILITY = YES;
				GCC_C_LANGUAGE_STANDARD = gnu99;
				GCC_DYNAMIC_NO_PIC = NO;
				GCC_NO_COMMON_BLOCKS = YES;
				GCC_OPTIMIZATION_LEVEL = 0;
				GCC_PREPROCESSOR_DEFINITIONS = (
					"DEBUG=1",
					"$(inherited)",
				);
				GCC_WARN_64_TO_32_BIT_CONVERSION = YES;
				GCC_WARN_ABOUT_RETURN_TYPE = YES_ERROR;
				GCC_WARN_UNDECLARED_SELECTOR = YES;
				GCC_WARN_UNINITIALIZED_AUTOS = YES_AGGRESSIVE;
				GCC_WARN_UNUSED_FUNCTION = YES;
				GCC_WARN_UNUSED_VARIABLE = YES;
				IPHONEOS_DEPLOYMENT_TARGET = 9.2;
				MTL_ENABLE_DEBUG_INFO = YES;
				ONLY_ACTIVE_ARCH = YES;
				SDKROOT = iphoneos;
				SWIFT_OPTIMIZATION_LEVEL = "-Onone";
			};
			name = Debug;
		};
		3C63DD841C69384600535E37 /* Release */ = {
			isa = XCBuildConfiguration;
			buildSettings = {
				ALWAYS_SEARCH_USER_PATHS = NO;
				CLANG_CXX_LANGUAGE_STANDARD = "gnu++0x";
				CLANG_CXX_LIBRARY = "libc++";
				CLANG_ENABLE_MODULES = YES;
				CLANG_ENABLE_OBJC_ARC = YES;
				CLANG_WARN_BOOL_CONVERSION = YES;
				CLANG_WARN_CONSTANT_CONVERSION = YES;
				CLANG_WARN_DIRECT_OBJC_ISA_USAGE = YES_ERROR;
				CLANG_WARN_EMPTY_BODY = YES;
				CLANG_WARN_ENUM_CONVERSION = YES;
				CLANG_WARN_INT_CONVERSION = YES;
				CLANG_WARN_OBJC_ROOT_CLASS = YES_ERROR;
				CLANG_WARN_UNREACHABLE_CODE = YES;
				CLANG_WARN__DUPLICATE_METHOD_MATCH = YES;
				"CODE_SIGN_IDENTITY[sdk=iphoneos*]" = "iPhone Developer";
				COPY_PHASE_STRIP = NO;
				DEBUG_INFORMATION_FORMAT = "dwarf-with-dsym";
				ENABLE_NS_ASSERTIONS = NO;
				ENABLE_STRICT_OBJC_MSGSEND = YES;
				GCC_C_LANGUAGE_STANDARD = gnu99;
				GCC_NO_COMMON_BLOCKS = YES;
				GCC_WARN_64_TO_32_BIT_CONVERSION = YES;
				GCC_WARN_ABOUT_RETURN_TYPE = YES_ERROR;
				GCC_WARN_UNDECLARED_SELECTOR = YES;
				GCC_WARN_UNINITIALIZED_AUTOS = YES_AGGRESSIVE;
				GCC_WARN_UNUSED_FUNCTION = YES;
				GCC_WARN_UNUSED_VARIABLE = YES;
				IPHONEOS_DEPLOYMENT_TARGET = 9.2;
				MTL_ENABLE_DEBUG_INFO = NO;
				SDKROOT = iphoneos;
				VALIDATE_PRODUCT = YES;
			};
			name = Release;
		};
		3C63DD861C69384600535E37 /* Debug */ = {
			isa = XCBuildConfiguration;
			buildSettings = {
				ASSETCATALOG_COMPILER_APPICON_NAME = AppIcon;
				CODE_SIGN_IDENTITY = "iPhone Developer";
				"CODE_SIGN_IDENTITY[sdk=iphoneos*]" = "iPhone Developer";
				INFOPLIST_FILE = "$(SRCROOT)/iTunesTopTenMusic/Info.plist";
				LD_RUNPATH_SEARCH_PATHS = "$(inherited) @executable_path/Frameworks";
				PRODUCT_BUNDLE_IDENTIFIER = com.nextu.iosdeveloper.iTunesTopTenMusic;
				PRODUCT_NAME = iTunesTopTenMusic;
				PROVISIONING_PROFILE = "";
			};
			name = Debug;
		};
		3C63DD871C69384600535E37 /* Release */ = {
			isa = XCBuildConfiguration;
			buildSettings = {
				ASSETCATALOG_COMPILER_APPICON_NAME = AppIcon;
				CODE_SIGN_IDENTITY = "iPhone Developer";
				"CODE_SIGN_IDENTITY[sdk=iphoneos*]" = "iPhone Developer";
				INFOPLIST_FILE = "$(SRCROOT)/iTunesTopTenMusic/Info.plist";
				LD_RUNPATH_SEARCH_PATHS = "$(inherited) @executable_path/Frameworks";
				PRODUCT_BUNDLE_IDENTIFIER = com.nextu.iosdeveloper.iTunesTopTenMusic;
				PRODUCT_NAME = iTunesTopTenMusic;
				PROVISIONING_PROFILE = "";
			};
			name = Release;
		};
/* End XCBuildConfiguration section */

/* Begin XCConfigurationList section */
		3C63DD6E1C69384600535E37 /* Build configuration list for PBXProject "iTunesTopTenMusic" */ = {
			isa = XCConfigurationList;
			buildConfigurations = (
				3C63DD831C69384600535E37 /* Debug */,
				3C63DD841C69384600535E37 /* Release */,
			);
			defaultConfigurationIsVisible = 0;
			defaultConfigurationName = Release;
		};
		3C63DD851C69384600535E37 /* Build configuration list for PBXNativeTarget "iTunesTopTenMusic" */ = {
			isa = XCConfigurationList;
			buildConfigurations = (
				3C63DD861C69384600535E37 /* Debug */,
				3C63DD871C69384600535E37 /* Release */,
			);
			defaultConfigurationIsVisible = 0;
			defaultConfigurationName = Release;
		};
/* End XCConfigurationList section */
	};
	rootObject = 3C63DD6B1C69384600535E37 /* Project object */;
}
